hash: 6d05dfcecc04006bbccd4c4db777f5c500605cd93018c703e09272906190dae9
updated: 2018-11-16T17:43:50.630800861Z
imports:
- name: github.com/gorilla/mux
  version: e3702bed27f0d39777b0b37b664b6280e8ef8fbf
- name: github.com/tidwall/gjson
  version: 1e3f6aeaa5bad08d777ea7807b279a07885dd8b2
testImports: []
